
Microsoft Visual Studio Solution File, Format Version 12.00
# Visual Studio Version 17
VisualStudioVersion = 17.9.34714.143
MinimumVisualStudioVersion = 10.0.40219.1
Project("{FAE04EC0-301F-11D3-BF4B-00C04F79EFBC}") = "UITienda_TP", "UITienda_TP\UITienda_TP.csproj", "{1C879347-2BBC-4480-8E0C-1FCEB20DD692}"
EndProject
Project("{FAE04EC0-301F-11D3-BF4B-00C04F79EFBC}") = "BLL", "BLL\BLL.csproj", "{612CE78A-0CA3-4D80-8F9C-A09E9D834CBE}"
EndProject
Project("{FAE04EC0-301F-11D3-BF4B-00C04F79EFBC}") = "DAL", "DAL\DAL.csproj", "{B8057AB4-2624-4EE4-99BB-63080369814C}"
EndProject
Global
	GlobalSection(SolutionConfigurationPlatforms) = preSolution
		Debug|Any CPU = Debug|Any CPU
		Release|Any CPU = Release|Any CPU
	EndGlobalSection
	GlobalSection(ProjectConfigurationPlatforms) = postSolution
		{1C879347-2BBC-4480-8E0C-1FCEB20DD692}.Debug|Any CPU.ActiveCfg = Debug|Any CPU
		{1C879347-2BBC-4480-8E0C-1FCEB20DD692}.Debug|Any CPU.Build.0 = Debug|Any CPU
		{1C879347-2BBC-4480-8E0C-1FCEB20DD692}.Release|Any CPU.ActiveCfg = Release|Any CPU
		{1C879347-2BBC-4480-8E0C-1FCEB20DD692}.Release|Any CPU.Build.0 = Release|Any CPU
		{612CE78A-0CA3-4D80-8F9C-A09E9D834CBE}.Debug|Any CPU.ActiveCfg = Debug|Any CPU
		{612CE78A-0CA3-4D80-8F9C-A09E9D834CBE}.Debug|Any CPU.Build.0 = Debug|Any CPU
		{612CE78A-0CA3-4D80-8F9C-A09E9D834CBE}.Release|Any CPU.ActiveCfg = Release|Any CPU
		{612CE78A-0CA3-4D80-8F9C-A09E9D834CBE}.Release|Any CPU.Build.0 = Release|Any CPU
		{B8057AB4-2624-4EE4-99BB-63080369814C}.Debug|Any CPU.ActiveCfg = Debug|Any CPU
		{B8057AB4-2624-4EE4-99BB-63080369814C}.Debug|Any CPU.Build.0 = Debug|Any CPU
		{B8057AB4-2624-4EE4-99BB-63080369814C}.Release|Any CPU.ActiveCfg = Release|Any CPU
		{B8057AB4-2624-4EE4-99BB-63080369814C}.Release|Any CPU.Build.0 = Release|Any CPU
	EndGlobalSection
	GlobalSection(SolutionProperties) = preSolution
		HideSolutionNode = FALSE
	EndGlobalSection
	GlobalSection(ExtensibilityGlobals) = postSolution
		SolutionGuid = {18E2A9A1-C78A-4D7C-A135-0CE6FD9DCEB8}
	EndGlobalSection
EndGlobal
